
Microsoft Visual Studio Solution File, Format Version 12.00
# Visual Studio 2013
VisualStudioVersion = 12.0.30723.0
MinimumVisualStudioVersion = 10.0.40219.1
Project("{FAE04EC0-301F-11D3-BF4B-00C04F79EFBC}") = "HiNSimulator2014", "HiNSimulator2014\HiNSimulator2014.csproj", "{EDA53E5A-ED40-472D-8F9C-4AC9BBF1CAF3}"
EndProject
Project("{FAE04EC0-301F-11D3-BF4B-00C04F79EFBC}") = "HiNSimulator2014.Tests", "HiNSimulator2014.Tests\HiNSimulator2014.Tests.csproj", "{C2F82CA5-E04C-46BB-8B12-556099C13AEE}"
EndProject
Project("{FAE04EC0-301F-11D3-BF4B-00C04F79EFBC}") = "SimulatorWebJob", "SimulatorWebJob\SimulatorWebJob.csproj", "{6D5C0C71-9C9E-4AC8-AEBC-B7D6DE93687B}"
EndProject
Global
	GlobalSection(SolutionConfigurationPlatforms) = preSolution
		Debug|Any CPU = Debug|Any CPU
		Release|Any CPU = Release|Any CPU
	EndGlobalSection
	GlobalSection(ProjectConfigurationPlatforms) = postSolution
		{EDA53E5A-ED40-472D-8F9C-4AC9BBF1CAF3}.Debug|Any CPU.ActiveCfg = Debug|Any CPU
		{EDA53E5A-ED40-472D-8F9C-4AC9BBF1CAF3}.Debug|Any CPU.Build.0 = Debug|Any CPU
		{EDA53E5A-ED40-472D-8F9C-4AC9BBF1CAF3}.Release|Any CPU.ActiveCfg = Release|Any CPU
		{EDA53E5A-ED40-472D-8F9C-4AC9BBF1CAF3}.Release|Any CPU.Build.0 = Release|Any CPU
		{C2F82CA5-E04C-46BB-8B12-556099C13AEE}.Debug|Any CPU.ActiveCfg = Debug|Any CPU
		{C2F82CA5-E04C-46BB-8B12-556099C13AEE}.Debug|Any CPU.Build.0 = Debug|Any CPU
		{C2F82CA5-E04C-46BB-8B12-556099C13AEE}.Release|Any CPU.ActiveCfg = Release|Any CPU
		{C2F82CA5-E04C-46BB-8B12-556099C13AEE}.Release|Any CPU.Build.0 = Release|Any CPU
		{6D5C0C71-9C9E-4AC8-AEBC-B7D6DE93687B}.Debug|Any CPU.ActiveCfg = Debug|Any CPU
		{6D5C0C71-9C9E-4AC8-AEBC-B7D6DE93687B}.Debug|Any CPU.Build.0 = Debug|Any CPU
		{6D5C0C71-9C9E-4AC8-AEBC-B7D6DE93687B}.Release|Any CPU.ActiveCfg = Release|Any CPU
		{6D5C0C71-9C9E-4AC8-AEBC-B7D6DE93687B}.Release|Any CPU.Build.0 = Release|Any CPU
	EndGlobalSection
	GlobalSection(SolutionProperties) = preSolution
		HideSolutionNode = FALSE
	EndGlobalSection
EndGlobal
